// !$*UTF8*$!
{
	archiveVersion = 1;
	classes = {
	};
	objectVersion = 46;
	objects = {

/* Begin PBXBuildFile section */
		01250F251DC3BA7400CAA924 /* IDoArtTableViewController.swift in Sources */ = {isa = PBXBuildFile; fileRef = 01250F241DC3BA7400CAA924 /* IDoArtTableViewController.swift */; };
		01250F271DC3D6D100CAA924 /* ArtCell.swift in Sources */ = {isa = PBXBuildFile; fileRef = 01250F261DC3D6D100CAA924 /* ArtCell.swift */; };
		01250F291DC3DA5A00CAA924 /* IDoArtViewController.swift in Sources */ = {isa = PBXBuildFile; fileRef = 01250F281DC3DA5A00CAA924 /* IDoArtViewController.swift */; };
		6C4367031DC4D44D00D3E3FC /* MainQuiz.storyboard in Resources */ = {isa = PBXBuildFile; fileRef = 6C4367011DC4D44D00D3E3FC /* MainQuiz.storyboard */; };
		6C4367051DC4D8B000D3E3FC /* QuizEntryViewController.swift in Sources */ = {isa = PBXBuildFile; fileRef = 6C4367041DC4D8B000D3E3FC /* QuizEntryViewController.swift */; };
		6CF42D7E1DC503CA002932A2 /* QuizResultViewController.swift in Sources */ = {isa = PBXBuildFile; fileRef = 6CF42D7D1DC503CA002932A2 /* QuizResultViewController.swift */; };
		6CFB83431DC27861001CAEBB /* AppDelegate.swift in Sources */ = {isa = PBXBuildFile; fileRef = 6CFB83421DC27861001CAEBB /* AppDelegate.swift */; };
		6CFB83451DC27861001CAEBB /* IamViewController.swift in Sources */ = {isa = PBXBuildFile; fileRef = 6CFB83441DC27861001CAEBB /* IamViewController.swift */; };
		6CFB834C1DC27861001CAEBB /* Assets.xcassets in Resources */ = {isa = PBXBuildFile; fileRef = 6CFB834B1DC27861001CAEBB /* Assets.xcassets */; };
		6CFB834F1DC27861001CAEBB /* LaunchScreen.storyboard in Resources */ = {isa = PBXBuildFile; fileRef = 6CFB834D1DC27861001CAEBB /* LaunchScreen.storyboard */; };
		6CFB83571DC28065001CAEBB /* BeViewController.swift in Sources */ = {isa = PBXBuildFile; fileRef = 6CFB83561DC28065001CAEBB /* BeViewController.swift */; };
		6CFB83591DC280EA001CAEBB /* BelongViewController.swift in Sources */ = {isa = PBXBuildFile; fileRef = 6CFB83581DC280EA001CAEBB /* BelongViewController.swift */; };
		6CFB835B1DC28154001CAEBB /* MentorAmViewController.swift in Sources */ = {isa = PBXBuildFile; fileRef = 6CFB835A1DC28154001CAEBB /* MentorAmViewController.swift */; };
		6CFB835D1DC281A1001CAEBB /* ImentorViewController.swift in Sources */ = {isa = PBXBuildFile; fileRef = 6CFB835C1DC281A1001CAEBB /* ImentorViewController.swift */; };
		6CFB835F1DC28211001CAEBB /* LoginViewController.swift in Sources */ = {isa = PBXBuildFile; fileRef = 6CFB835E1DC28211001CAEBB /* LoginViewController.swift */; };
		6CFB83621DC29953001CAEBB /* Main.storyboard in Resources */ = {isa = PBXBuildFile; fileRef = 6CFB83601DC29953001CAEBB /* Main.storyboard */; };
/* End PBXBuildFile section */

/* Begin PBXFileReference section */
		01250F241DC3BA7400CAA924 /* IDoArtTableViewController.swift */ = {isa = PBXFileReference; fileEncoding = 4; lastKnownFileType = sourcecode.swift; path = IDoArtTableViewController.swift; sourceTree = "<group>"; };
		01250F261DC3D6D100CAA924 /* ArtCell.swift */ = {isa = PBXFileReference; fileEncoding = 4; lastKnownFileType = sourcecode.swift; path = ArtCell.swift; sourceTree = "<group>"; };
		01250F281DC3DA5A00CAA924 /* IDoArtViewController.swift */ = {isa = PBXFileReference; fileEncoding = 4; lastKnownFileType = sourcecode.swift; path = IDoArtViewController.swift; sourceTree = "<group>"; };
		6C4367021DC4D44D00D3E3FC /* Base */ = {isa = PBXFileReference; lastKnownFileType = file.storyboard; name = Base; path = Base.lproj/MainQuiz.storyboard; sourceTree = "<group>"; };
		6C4367041DC4D8B000D3E3FC /* QuizEntryViewController.swift */ = {isa = PBXFileReference; fileEncoding = 4; lastKnownFileType = sourcecode.swift; path = QuizEntryViewController.swift; sourceTree = "<group>"; };
		6CF42D7D1DC503CA002932A2 /* QuizResultViewController.swift */ = {isa = PBXFileReference; fileEncoding = 4; lastKnownFileType = sourcecode.swift; path = QuizResultViewController.swift; sourceTree = "<group>"; };
		6CFB833F1DC27861001CAEBB /* Color Me A Mentor.app */ = {isa = PBXFileReference; explicitFileType = wrapper.application; includeInIndex = 0; path = "Color Me A Mentor.app"; sourceTree = BUILT_PRODUCTS_DIR; };
		6CFB83421DC27861001CAEBB /* AppDelegate.swift */ = {isa = PBXFileReference; lastKnownFileType = sourcecode.swift; path = AppDelegate.swift; sourceTree = "<group>"; };
		6CFB83441DC27861001CAEBB /* IamViewController.swift */ = {isa = PBXFileReference; lastKnownFileType = sourcecode.swift; path = IamViewController.swift; sourceTree = "<group>"; };
		6CFB834B1DC27861001CAEBB /* Assets.xcassets */ = {isa = PBXFileReference; lastKnownFileType = folder.assetcatalog; path = Assets.xcassets; sourceTree = "<group>"; };
		6CFB834E1DC27861001CAEBB /* Base */ = {isa = PBXFileReference; lastKnownFileType = file.storyboard; name = Base; path = Base.lproj/LaunchScreen.storyboard; sourceTree = "<group>"; };
		6CFB83501DC27861001CAEBB /* Info.plist */ = {isa = PBXFileReference; lastKnownFileType = text.plist.xml; path = Info.plist; sourceTree = "<group>"; };
		6CFB83561DC28065001CAEBB /* BeViewController.swift */ = {isa = PBXFileReference; fileEncoding = 4; lastKnownFileType = sourcecode.swift; path = BeViewController.swift; sourceTree = "<group>"; };
		6CFB83581DC280EA001CAEBB /* BelongViewController.swift */ = {isa = PBXFileReference; fileEncoding = 4; lastKnownFileType = sourcecode.swift; path = BelongViewController.swift; sourceTree = "<group>"; };
		6CFB835A1DC28154001CAEBB /* MentorAmViewController.swift */ = {isa = PBXFileReference; fileEncoding = 4; lastKnownFileType = sourcecode.swift; path = MentorAmViewController.swift; sourceTree = "<group>"; };
		6CFB835C1DC281A1001CAEBB /* ImentorViewController.swift */ = {isa = PBXFileReference; fileEncoding = 4; lastKnownFileType = sourcecode.swift; path = ImentorViewController.swift; sourceTree = "<group>"; };
		6CFB835E1DC28211001CAEBB /* LoginViewController.swift */ = {isa = PBXFileReference; fileEncoding = 4; lastKnownFileType = sourcecode.swift; path = LoginViewController.swift; sourceTree = "<group>"; };
		6CFB83611DC29953001CAEBB /* Base */ = {isa = PBXFileReference; lastKnownFileType = file.storyboard; name = Base; path = Base.lproj/Main.storyboard; sourceTree = "<group>"; };
/* End PBXFileReference section */

/* Begin PBXFrameworksBuildPhase section */
		6CFB833C1DC27861001CAEBB /* Frameworks */ = {
			isa = PBXFrameworksBuildPhase;
			buildActionMask = 2147483647;
			files = (
			);
			runOnlyForDeploymentPostprocessing = 0;
		};
/* End PBXFrameworksBuildPhase section */

/* Begin PBXGroup section */
		6CFB83361DC27861001CAEBB = {
			isa = PBXGroup;
			children = (
				6CFB83411DC27861001CAEBB /* Color Me A Mentor */,
				6CFB83401DC27861001CAEBB /* Products */,
			);
			sourceTree = "<group>";
		};
		6CFB83401DC27861001CAEBB /* Products */ = {
			isa = PBXGroup;
			children = (
				6CFB833F1DC27861001CAEBB /* Color Me A Mentor.app */,
			);
			name = Products;
			sourceTree = "<group>";
		};
		6CFB83411DC27861001CAEBB /* Color Me A Mentor */ = {
			isa = PBXGroup;
			children = (
				6CFB83421DC27861001CAEBB /* AppDelegate.swift */,
				6CFB83441DC27861001CAEBB /* IamViewController.swift */,
				6C4367041DC4D8B000D3E3FC /* QuizEntryViewController.swift */,
				6C4367011DC4D44D00D3E3FC /* MainQuiz.storyboard */,
				6CF42D7D1DC503CA002932A2 /* QuizResultViewController.swift */,
				6CFB835E1DC28211001CAEBB /* LoginViewController.swift */,
				6CFB83581DC280EA001CAEBB /* BelongViewController.swift */,
				6CFB83601DC29953001CAEBB /* Main.storyboard */,
				6CFB835A1DC28154001CAEBB /* MentorAmViewController.swift */,
				6CFB835C1DC281A1001CAEBB /* ImentorViewController.swift */,
				6CFB83561DC28065001CAEBB /* BeViewController.swift */,
				01250F241DC3BA7400CAA924 /* IDoArtTableViewController.swift */,
				01250F281DC3DA5A00CAA924 /* IDoArtViewController.swift */,
				01250F261DC3D6D100CAA924 /* ArtCell.swift */,
				6CFB834B1DC27861001CAEBB /* Assets.xcassets */,
				6CFB834D1DC27861001CAEBB /* LaunchScreen.storyboard */,
				6CFB83501DC27861001CAEBB /* Info.plist */,
			);
			path = "Color Me A Mentor";
			sourceTree = "<group>";
		};
/* End PBXGroup section */

/* Begin PBXNativeTarget section */
		6CFB833E1DC27861001CAEBB /* Color Me A Mentor */ = {
			isa = PBXNativeTarget;
			buildConfigurationList = 6CFB83531DC27861001CAEBB /* Build configuration list for PBXNativeTarget "Color Me A Mentor" */;
			buildPhases = (
				6CFB833B1DC27861001CAEBB /* Sources */,
				6CFB833C1DC27861001CAEBB /* Frameworks */,
				6CFB833D1DC27861001CAEBB /* Resources */,
			);
			buildRules = (
			);
			dependencies = (
			);
			name = "Color Me A Mentor";
			productName = "Color Me A Mentor";
			productReference = 6CFB833F1DC27861001CAEBB /* Color Me A Mentor.app */;
			productType = "com.apple.product-type.application";
		};
/* End PBXNativeTarget section */

/* Begin PBXProject section */
		6CFB83371DC27861001CAEBB /* Project object */ = {
			isa = PBXProject;
			attributes = {
				LastSwiftUpdateCheck = 0800;
				LastUpgradeCheck = 0810;
				ORGANIZATIONNAME = "Melissa Phillips Design";
				TargetAttributes = {
					6CFB833E1DC27861001CAEBB = {
						CreatedOnToolsVersion = 8.0;
						DevelopmentTeam = SKJ49N4758;
						ProvisioningStyle = Automatic;
					};
				};
			};
			buildConfigurationList = 6CFB833A1DC27861001CAEBB /* Build configuration list for PBXProject "Color Me A Mentor" */;
			compatibilityVersion = "Xcode 3.2";
			developmentRegion = English;
			hasScannedForEncodings = 0;
			knownRegions = (
				en,
				Base,
			);
			mainGroup = 6CFB83361DC27861001CAEBB;
			productRefGroup = 6CFB83401DC27861001CAEBB /* Products */;
			projectDirPath = "";
			projectRoot = "";
			targets = (
				6CFB833E1DC27861001CAEBB /* Color Me A Mentor */,
			);
		};
/* End PBXProject section */

/* Begin PBXResourcesBuildPhase section */
		6CFB833D1DC27861001CAEBB /* Resources */ = {
			isa = PBXResourcesBuildPhase;
			buildActionMask = 2147483647;
			files = (
				6C4367031DC4D44D00D3E3FC /* MainQuiz.storyboard in Resources */,
				6CFB83621DC29953001CAEBB /* Main.storyboard in Resources */,
				6CFB834F1DC27861001CAEBB /* LaunchScreen.storyboard in Resources */,
				6CFB834C1DC27861001CAEBB /* Assets.xcassets in Resources */,
			);
			runOnlyForDeploymentPostprocessing = 0;
		};
/* End PBXResourcesBuildPhase section */

/* Begin PBXSourcesBuildPhase section */
		6CFB833B1DC27861001CAEBB /* Sources */ = {
			isa = PBXSourcesBuildPhase;
			buildActionMask = 2147483647;
			files = (
				6CFB835B1DC28154001CAEBB /* MentorAmViewController.swift in Sources */,
				6CFB83431DC27861001CAEBB /* AppDelegate.swift in Sources */,
				01250F251DC3BA7400CAA924 /* IDoArtTableViewController.swift in Sources */,
				6CFB83451DC27861001CAEBB /* IamViewController.swift in Sources */,
				01250F291DC3DA5A00CAA924 /* IDoArtViewController.swift in Sources */,
				6CFB835F1DC28211001CAEBB /* LoginViewController.swift in Sources */,
				6CFB835D1DC281A1001CAEBB /* ImentorViewController.swift in Sources */,
				01250F271DC3D6D100CAA924 /* ArtCell.swift in Sources */,
				6CF42D7E1DC503CA002932A2 /* QuizResultViewController.swift in Sources */,
				6CFB83591DC280EA001CAEBB /* BelongViewController.swift in Sources */,
				6CFB83571DC28065001CAEBB /* BeViewController.swift in Sources */,
				6C4367051DC4D8B000D3E3FC /* QuizEntryViewController.swift in Sources */,
			);
			runOnlyForDeploymentPostprocessing = 0;
		};
/* End PBXSourcesBuildPhase section */

/* Begin PBXVariantGroup section */
		6C4367011DC4D44D00D3E3FC /* MainQuiz.storyboard */ = {
			isa = PBXVariantGroup;
			children = (
				6C4367021DC4D44D00D3E3FC /* Base */,
			);
			name = MainQuiz.storyboard;
			sourceTree = "<group>";
		};
		6CFB834D1DC27861001CAEBB /* LaunchScreen.storyboard */ = {
			isa = PBXVariantGroup;
			children = (
				6CFB834E1DC27861001CAEBB /* Base */,
			);
			name = LaunchScreen.storyboard;
			sourceTree = "<group>";
		};
		6CFB83601DC29953001CAEBB /* Main.storyboard */ = {
			isa = PBXVariantGroup;
			children = (
				6CFB83611DC29953001CAEBB /* Base */,
			);
			name = Main.storyboard;
			sourceTree = "<group>";
		};
/* End PBXVariantGroup section */

/* Begin XCBuildConfiguration section */
		6CFB83511DC27861001CAEBB /* Debug */ = {
			isa = XCBuildConfiguration;
			buildSettings = {
				ALWAYS_SEARCH_USER_PATHS = NO;
				CLANG_ANALYZER_NONNULL = YES;
				CLANG_CXX_LANGUAGE_STANDARD = "gnu++0x";
				CLANG_CXX_LIBRARY = "libc++";
				CLANG_ENABLE_MODULES = YES;
				CLANG_ENABLE_OBJC_ARC = YES;
				CLANG_WARN_BOOL_CONVERSION = YES;
				CLANG_WARN_CONSTANT_CONVERSION = YES;
				CLANG_WARN_DIRECT_OBJC_ISA_USAGE = YES_ERROR;
				CLANG_WARN_DOCUMENTATION_COMMENTS = YES;
				CLANG_WARN_EMPTY_BODY = YES;
				CLANG_WARN_ENUM_CONVERSION = YES;
				CLANG_WARN_INFINITE_RECURSION = YES;
				CLANG_WARN_INT_CONVERSION = YES;
				CLANG_WARN_OBJC_ROOT_CLASS = YES_ERROR;
				CLANG_WARN_SUSPICIOUS_MOVE = YES;
				CLANG_WARN_SUSPICIOUS_MOVES = YES;
				CLANG_WARN_UNREACHABLE_CODE = YES;
				CLANG_WARN__DUPLICATE_METHOD_MATCH = YES;
				"CODE_SIGN_IDENTITY[sdk=iphoneos*]" = "iPhone Developer";
				COPY_PHASE_STRIP = NO;
				DEBUG_INFORMATION_FORMAT = dwarf;
				ENABLE_STRICT_OBJC_MSGSEND = YES;
				ENABLE_TESTABILITY = YES;
				GCC_C_LANGUAGE_STANDARD = gnu99;
				GCC_DYNAMIC_NO_PIC = NO;
				GCC_NO_COMMON_BLOCKS = YES;
				GCC_OPTIMIZATION_LEVEL = 0;
				GCC_PREPROCESSOR_DEFINITIONS = (
					"DEBUG=1",
					"$(inherited)",
				);
				GCC_WARN_64_TO_32_BIT_CONVERSION = YES;
				GCC_WARN_ABOUT_RETURN_TYPE = YES_ERROR;
				GCC_WARN_UNDECLARED_SELECTOR = YES;
				GCC_WARN_UNINITIALIZED_AUTOS = YES_AGGRESSIVE;
				GCC_WARN_UNUSED_FUNCTION = YES;
				GCC_WARN_UNUSED_VARIABLE = YES;
				IPHONEOS_DEPLOYMENT_TARGET = 10.0;
				MTL_ENABLE_DEBUG_INFO = YES;
				ONLY_ACTIVE_ARCH = YES;
				SDKROOT = iphoneos;
				SWIFT_ACTIVE_COMPILATION_CONDITIONS = DEBUG;
				SWIFT_OPTIMIZATION_LEVEL = "-Onone";
				TARGETED_DEVICE_FAMILY = "1,2";
			};
			name = Debug;
		};
		6CFB83521DC27861001CAEBB /* Release */ = {
			isa = XCBuildConfiguration;
			buildSettings = {
				ALWAYS_SEARCH_USER_PATHS = NO;
				CLANG_ANALYZER_NONNULL = YES;
				CLANG_CXX_LANGUAGE_STANDARD = "gnu++0x";
				CLANG_CXX_LIBRARY = "libc++";
				CLANG_ENABLE_MODULES = YES;
				CLANG_ENABLE_OBJC_ARC = YES;
				CLANG_WARN_BOOL_CONVERSION = YES;
				CLANG_WARN_CONSTANT_CONVERSION = YES;
				CLANG_WARN_DIRECT_OBJC_ISA_USAGE = YES_ERROR;
				CLANG_WARN_DOCUMENTATION_COMMENTS = YES;
				CLANG_WARN_EMPTY_BODY = YES;
				CLANG_WARN_ENUM_CONVERSION = YES;
				CLANG_WARN_INFINITE_RECURSION = YES;
				CLANG_WARN_INT_CONVERSION = YES;
				CLANG_WARN_OBJC_ROOT_CLASS = YES_ERROR;
				CLANG_WARN_SUSPICIOUS_MOVE = YES;
				CLANG_WARN_SUSPICIOUS_MOVES = YES;
				CLANG_WARN_UNREACHABLE_CODE = YES;
				CLANG_WARN__DUPLICATE_METHOD_MATCH = YES;
				"CODE_SIGN_IDENTITY[sdk=iphoneos*]" = "iPhone Developer";
				COPY_PHASE_STRIP = NO;
				DEBUG_INFORMATION_FORMAT = "dwarf-with-dsym";
				ENABLE_NS_ASSERTIONS = NO;
				ENABLE_STRICT_OBJC_MSGSEND = YES;
				GCC_C_LANGUAGE_STANDARD = gnu99;
				GCC_NO_COMMON_BLOCKS = YES;
				GCC_WARN_64_TO_32_BIT_CONVERSION = YES;
				GCC_WARN_ABOUT_RETURN_TYPE = YES_ERROR;
				GCC_WARN_UNDECLARED_SELECTOR = YES;
				GCC_WARN_UNINITIALIZED_AUTOS = YES_AGGRESSIVE;
				GCC_WARN_UNUSED_FUNCTION = YES;
				GCC_WARN_UNUSED_VARIABLE = YES;
				IPHONEOS_DEPLOYMENT_TARGET = 10.0;
				MTL_ENABLE_DEBUG_INFO = NO;
				SDKROOT = iphoneos;
				SWIFT_OPTIMIZATION_LEVEL = "-Owholemodule";
				TARGETED_DEVICE_FAMILY = "1,2";
				VALIDATE_PRODUCT = YES;
			};
			name = Release;
		};
		6CFB83541DC27861001CAEBB /* Debug */ = {
			isa = XCBuildConfiguration;
			buildSettings = {
				ASSETCATALOG_COMPILER_APPICON_NAME = AppIcon;
				DEVELOPMENT_TEAM = SKJ49N4758;
				INFOPLIST_FILE = "Color Me A Mentor/Info.plist";
				LD_RUNPATH_SEARCH_PATHS = "$(inherited) @executable_path/Frameworks";
				PRODUCT_BUNDLE_IDENTIFIER = "org.priya.Color-Me-A-Mentor";
				PRODUCT_NAME = "$(TARGET_NAME)";
				SWIFT_VERSION = 3.0;
			};
			name = Debug;
		};
		6CFB83551DC27861001CAEBB /* Release */ = {
			isa = XCBuildConfiguration;
			buildSettings = {
				ASSETCATALOG_COMPILER_APPICON_NAME = AppIcon;
				DEVELOPMENT_TEAM = SKJ49N4758;
				INFOPLIST_FILE = "Color Me A Mentor/Info.plist";
				LD_RUNPATH_SEARCH_PATHS = "$(inherited) @executable_path/Frameworks";
				PRODUCT_BUNDLE_IDENTIFIER = "org.priya.Color-Me-A-Mentor";
				PRODUCT_NAME = "$(TARGET_NAME)";
				SWIFT_VERSION = 3.0;
			};
			name = Release;
		};
/* End XCBuildConfiguration section */

/* Begin XCConfigurationList section */
		6CFB833A1DC27861001CAEBB /* Build configuration list for PBXProject "Color Me A Mentor" */ = {
			isa = XCConfigurationList;
			buildConfigurations = (
				6CFB83511DC27861001CAEBB /* Debug */,
				6CFB83521DC27861001CAEBB /* Release */,
			);
			defaultConfigurationIsVisible = 0;
			defaultConfigurationName = Release;
		};
		6CFB83531DC27861001CAEBB /* Build configuration list for PBXNativeTarget "Color Me A Mentor" */ = {
			isa = XCConfigurationList;
			buildConfigurations = (
				6CFB83541DC27861001CAEBB /* Debug */,
				6CFB83551DC27861001CAEBB /* Release */,
			);
			defaultConfigurationIsVisible = 0;
			defaultConfigurationName = Release;
		};
/* End XCConfigurationList section */
	};
	rootObject = 6CFB83371DC27861001CAEBB /* Project object */;
}
